
Microsoft Visual Studio Solution File, Format Version 12.00
# Visual Studio Version 16
VisualStudioVersion = 16.0.31005.135
MinimumVisualStudioVersion = 10.0.40219.1
Project("{9A19103F-16F7-4668-BE54-9A1E7A4F7556}") = "Pyrite.Content.Abstractions", "Pyrite.Content.Abstractions\Pyrite.Content.Abstractions.csproj", "{99391B5B-BBD9-4622-914F-FDE46AB75488}"
EndProject
Project("{FAE04EC0-301F-11D3-BF4B-00C04F79EFBC}") = "Pyrite.Content", "Pyrite.Content\Pyrite.Content.csproj", "{FD8778C6-C171-403D-A299-78029C519811}"
EndProject
Project("{FAE04EC0-301F-11D3-BF4B-00C04F79EFBC}") = "Pyrite.Content.Domain", "Pyrite.Content.Domain\Pyrite.Content.Domain.csproj", "{8128DCE3-ADB5-4C67-B182-E2353DDE7950}"
EndProject
Global
	GlobalSection(SolutionConfigurationPlatforms) = preSolution
		Debug|Any CPU = Debug|Any CPU
		Release|Any CPU = Release|Any CPU
	EndGlobalSection
	GlobalSection(ProjectConfigurationPlatforms) = postSolution
		{99391B5B-BBD9-4622-914F-FDE46AB75488}.Debug|Any CPU.ActiveCfg = Debug|Any CPU
		{99391B5B-BBD9-4622-914F-FDE46AB75488}.Debug|Any CPU.Build.0 = Debug|Any CPU
		{99391B5B-BBD9-4622-914F-FDE46AB75488}.Release|Any CPU.ActiveCfg = Release|Any CPU
		{99391B5B-BBD9-4622-914F-FDE46AB75488}.Release|Any CPU.Build.0 = Release|Any CPU
		{FD8778C6-C171-403D-A299-78029C519811}.Debug|Any CPU.ActiveCfg = Debug|Any CPU
		{FD8778C6-C171-403D-A299-78029C519811}.Debug|Any CPU.Build.0 = Debug|Any CPU
		{FD8778C6-C171-403D-A299-78029C519811}.Release|Any CPU.ActiveCfg = Release|Any CPU
		{FD8778C6-C171-403D-A299-78029C519811}.Release|Any CPU.Build.0 = Release|Any CPU
		{8128DCE3-ADB5-4C67-B182-E2353DDE7950}.Debug|Any CPU.ActiveCfg = Debug|Any CPU
		{8128DCE3-ADB5-4C67-B182-E2353DDE7950}.Debug|Any CPU.Build.0 = Debug|Any CPU
		{8128DCE3-ADB5-4C67-B182-E2353DDE7950}.Release|Any CPU.ActiveCfg = Release|Any CPU
		{8128DCE3-ADB5-4C67-B182-E2353DDE7950}.Release|Any CPU.Build.0 = Release|Any CPU
	EndGlobalSection
	GlobalSection(SolutionProperties) = preSolution
		HideSolutionNode = FALSE
	EndGlobalSection
	GlobalSection(ExtensibilityGlobals) = postSolution
		SolutionGuid = {0B2CEAD2-9B8D-42D3-83DD-5D58F27930E0}
	EndGlobalSection
EndGlobal
